
Microsoft Visual Studio Solution File, Format Version 12.00
# Visual Studio Version 17
VisualStudioVersion = 17.0.31903.59
MinimumVisualStudioVersion = 15.0.26124.0
Project("{2150E333-8FDC-42A3-9474-1A3956D46DE8}") = "docs", "docs", "{94940107-8BDD-492C-B0F9-425805916F48}"
	ProjectSection(SolutionItems) = preProject
		docker-compose.yml = docker-compose.yml
		Dockerfile.Client = Dockerfile.Client
		Dockerfile.Hub = Dockerfile.Hub
		Dockerfile.Publisher = Dockerfile.Publisher
		Dockerfile.Tests = Dockerfile.Tests
		README.md = README.md
	EndProjectSection
EndProject
Project("{2150E333-8FDC-42A3-9474-1A3956D46DE8}") = "src", "src", "{D7614499-5CE3-4228-B952-ABD7E3E26372}"
EndProject
Project("{9A19103F-16F7-4668-BE54-9A1E7A4F7556}") = "Client", "src\Client\Client.csproj", "{D3E46FAE-4165-4431-AE7C-BF46F6D459B4}"
EndProject
Project("{2150E333-8FDC-42A3-9474-1A3956D46DE8}") = "scale-out", "scale-out", "{63FDEE25-6861-4410-B16D-5BAF41677D20}"
EndProject
Project("{9A19103F-16F7-4668-BE54-9A1E7A4F7556}") = "Hub", "src\Hub\Hub.csproj", "{FC3A51F8-C890-4F93-A543-C328758F6AE0}"
EndProject
Project("{9A19103F-16F7-4668-BE54-9A1E7A4F7556}") = "Publisher", "src\Publisher\Publisher.csproj", "{31B9237F-C4D7-405A-AFB4-7FB74D5C6D33}"
EndProject
Project("{FAE04EC0-301F-11D3-BF4B-00C04F79EFBC}") = "Tests", "src\Tests\Tests.csproj", "{83E3F4EC-F44E-4C46-AC35-583DD543C075}"
EndProject
Project("{FAE04EC0-301F-11D3-BF4B-00C04F79EFBC}") = "Hub.Client", "src\Hub.Client\Hub.Client.csproj", "{7A0586E5-D686-4D85-A0D2-06183094AF7E}"
EndProject
Global
	GlobalSection(SolutionConfigurationPlatforms) = preSolution
		Debug|Any CPU = Debug|Any CPU
		Debug|x64 = Debug|x64
		Debug|x86 = Debug|x86
		Release|Any CPU = Release|Any CPU
		Release|x64 = Release|x64
		Release|x86 = Release|x86
	EndGlobalSection
	GlobalSection(ProjectConfigurationPlatforms) = postSolution
		{D3E46FAE-4165-4431-AE7C-BF46F6D459B4}.Debug|Any CPU.ActiveCfg = Debug|Any CPU
		{D3E46FAE-4165-4431-AE7C-BF46F6D459B4}.Debug|Any CPU.Build.0 = Debug|Any CPU
		{D3E46FAE-4165-4431-AE7C-BF46F6D459B4}.Debug|x64.ActiveCfg = Debug|Any CPU
		{D3E46FAE-4165-4431-AE7C-BF46F6D459B4}.Debug|x64.Build.0 = Debug|Any CPU
		{D3E46FAE-4165-4431-AE7C-BF46F6D459B4}.Debug|x86.ActiveCfg = Debug|Any CPU
		{D3E46FAE-4165-4431-AE7C-BF46F6D459B4}.Debug|x86.Build.0 = Debug|Any CPU
		{D3E46FAE-4165-4431-AE7C-BF46F6D459B4}.Release|Any CPU.ActiveCfg = Release|Any CPU
		{D3E46FAE-4165-4431-AE7C-BF46F6D459B4}.Release|Any CPU.Build.0 = Release|Any CPU
		{D3E46FAE-4165-4431-AE7C-BF46F6D459B4}.Release|x64.ActiveCfg = Release|Any CPU
		{D3E46FAE-4165-4431-AE7C-BF46F6D459B4}.Release|x64.Build.0 = Release|Any CPU
		{D3E46FAE-4165-4431-AE7C-BF46F6D459B4}.Release|x86.ActiveCfg = Release|Any CPU
		{D3E46FAE-4165-4431-AE7C-BF46F6D459B4}.Release|x86.Build.0 = Release|Any CPU
		{FC3A51F8-C890-4F93-A543-C328758F6AE0}.Debug|Any CPU.ActiveCfg = Debug|Any CPU
		{FC3A51F8-C890-4F93-A543-C328758F6AE0}.Debug|Any CPU.Build.0 = Debug|Any CPU
		{FC3A51F8-C890-4F93-A543-C328758F6AE0}.Debug|x64.ActiveCfg = Debug|Any CPU
		{FC3A51F8-C890-4F93-A543-C328758F6AE0}.Debug|x64.Build.0 = Debug|Any CPU
		{FC3A51F8-C890-4F93-A543-C328758F6AE0}.Debug|x86.ActiveCfg = Debug|Any CPU
		{FC3A51F8-C890-4F93-A543-C328758F6AE0}.Debug|x86.Build.0 = Debug|Any CPU
		{FC3A51F8-C890-4F93-A543-C328758F6AE0}.Release|Any CPU.ActiveCfg = Release|Any CPU
		{FC3A51F8-C890-4F93-A543-C328758F6AE0}.Release|Any CPU.Build.0 = Release|Any CPU
		{FC3A51F8-C890-4F93-A543-C328758F6AE0}.Release|x64.ActiveCfg = Release|Any CPU
		{FC3A51F8-C890-4F93-A543-C328758F6AE0}.Release|x64.Build.0 = Release|Any CPU
		{FC3A51F8-C890-4F93-A543-C328758F6AE0}.Release|x86.ActiveCfg = Release|Any CPU
		{FC3A51F8-C890-4F93-A543-C328758F6AE0}.Release|x86.Build.0 = Release|Any CPU
		{31B9237F-C4D7-405A-AFB4-7FB74D5C6D33}.Debug|Any CPU.ActiveCfg = Debug|Any CPU
		{31B9237F-C4D7-405A-AFB4-7FB74D5C6D33}.Debug|Any CPU.Build.0 = Debug|Any CPU
		{31B9237F-C4D7-405A-AFB4-7FB74D5C6D33}.Debug|x64.ActiveCfg = Debug|Any CPU
		{31B9237F-C4D7-405A-AFB4-7FB74D5C6D33}.Debug|x64.Build.0 = Debug|Any CPU
		{31B9237F-C4D7-405A-AFB4-7FB74D5C6D33}.Debug|x86.ActiveCfg = Debug|Any CPU
		{31B9237F-C4D7-405A-AFB4-7FB74D5C6D33}.Debug|x86.Build.0 = Debug|Any CPU
		{31B9237F-C4D7-405A-AFB4-7FB74D5C6D33}.Release|Any CPU.ActiveCfg = Release|Any CPU
		{31B9237F-C4D7-405A-AFB4-7FB74D5C6D33}.Release|Any CPU.Build.0 = Release|Any CPU
		{31B9237F-C4D7-405A-AFB4-7FB74D5C6D33}.Release|x64.ActiveCfg = Release|Any CPU
		{31B9237F-C4D7-405A-AFB4-7FB74D5C6D33}.Release|x64.Build.0 = Release|Any CPU
		{31B9237F-C4D7-405A-AFB4-7FB74D5C6D33}.Release|x86.ActiveCfg = Release|Any CPU
		{31B9237F-C4D7-405A-AFB4-7FB74D5C6D33}.Release|x86.Build.0 = Release|Any CPU
		{83E3F4EC-F44E-4C46-AC35-583DD543C075}.Debug|Any CPU.ActiveCfg = Debug|Any CPU
		{83E3F4EC-F44E-4C46-AC35-583DD543C075}.Debug|Any CPU.Build.0 = Debug|Any CPU
		{83E3F4EC-F44E-4C46-AC35-583DD543C075}.Debug|x64.ActiveCfg = Debug|Any CPU
		{83E3F4EC-F44E-4C46-AC35-583DD543C075}.Debug|x64.Build.0 = Debug|Any CPU
		{83E3F4EC-F44E-4C46-AC35-583DD543C075}.Debug|x86.ActiveCfg = Debug|Any CPU
		{83E3F4EC-F44E-4C46-AC35-583DD543C075}.Debug|x86.Build.0 = Debug|Any CPU
		{83E3F4EC-F44E-4C46-AC35-583DD543C075}.Release|Any CPU.ActiveCfg = Release|Any CPU
		{83E3F4EC-F44E-4C46-AC35-583DD543C075}.Release|Any CPU.Build.0 = Release|Any CPU
		{83E3F4EC-F44E-4C46-AC35-583DD543C075}.Release|x64.ActiveCfg = Release|Any CPU
		{83E3F4EC-F44E-4C46-AC35-583DD543C075}.Release|x64.Build.0 = Release|Any CPU
		{83E3F4EC-F44E-4C46-AC35-583DD543C075}.Release|x86.ActiveCfg = Release|Any CPU
		{83E3F4EC-F44E-4C46-AC35-583DD543C075}.Release|x86.Build.0 = Release|Any CPU
		{7A0586E5-D686-4D85-A0D2-06183094AF7E}.Debug|Any CPU.ActiveCfg = Debug|Any CPU
		{7A0586E5-D686-4D85-A0D2-06183094AF7E}.Debug|Any CPU.Build.0 = Debug|Any CPU
		{7A0586E5-D686-4D85-A0D2-06183094AF7E}.Debug|x64.ActiveCfg = Debug|Any CPU
		{7A0586E5-D686-4D85-A0D2-06183094AF7E}.Debug|x64.Build.0 = Debug|Any CPU
		{7A0586E5-D686-4D85-A0D2-06183094AF7E}.Debug|x86.ActiveCfg = Debug|Any CPU
		{7A0586E5-D686-4D85-A0D2-06183094AF7E}.Debug|x86.Build.0 = Debug|Any CPU
		{7A0586E5-D686-4D85-A0D2-06183094AF7E}.Release|Any CPU.ActiveCfg = Release|Any CPU
		{7A0586E5-D686-4D85-A0D2-06183094AF7E}.Release|Any CPU.Build.0 = Release|Any CPU
		{7A0586E5-D686-4D85-A0D2-06183094AF7E}.Release|x64.ActiveCfg = Release|Any CPU
		{7A0586E5-D686-4D85-A0D2-06183094AF7E}.Release|x64.Build.0 = Release|Any CPU
		{7A0586E5-D686-4D85-A0D2-06183094AF7E}.Release|x86.ActiveCfg = Release|Any CPU
		{7A0586E5-D686-4D85-A0D2-06183094AF7E}.Release|x86.Build.0 = Release|Any CPU
	EndGlobalSection
	GlobalSection(SolutionProperties) = preSolution
		HideSolutionNode = FALSE
	EndGlobalSection
	GlobalSection(NestedProjects) = preSolution
		{D3E46FAE-4165-4431-AE7C-BF46F6D459B4} = {63FDEE25-6861-4410-B16D-5BAF41677D20}
		{63FDEE25-6861-4410-B16D-5BAF41677D20} = {D7614499-5CE3-4228-B952-ABD7E3E26372}
		{FC3A51F8-C890-4F93-A543-C328758F6AE0} = {63FDEE25-6861-4410-B16D-5BAF41677D20}
		{31B9237F-C4D7-405A-AFB4-7FB74D5C6D33} = {63FDEE25-6861-4410-B16D-5BAF41677D20}
		{83E3F4EC-F44E-4C46-AC35-583DD543C075} = {63FDEE25-6861-4410-B16D-5BAF41677D20}
		{7A0586E5-D686-4D85-A0D2-06183094AF7E} = {63FDEE25-6861-4410-B16D-5BAF41677D20}
	EndGlobalSection
	GlobalSection(ExtensibilityGlobals) = postSolution
		SolutionGuid = {F647CBBA-9FFD-40A7-B1EC-238F6C137DFD}
	EndGlobalSection
EndGlobal
